// !$*UTF8*$!
{
	archiveVersion = 1;
	classes = {
	};
	objectVersion = 56;
	objects = {

/* Begin PBXBuildFile section */
		81547B9F2DB7645100A99544 /* SwiftUiLearningApp.swift in Sources */ = {isa = PBXBuildFile; fileRef = 81547B9E2DB7645100A99544 /* SwiftUiLearningApp.swift */; };
		81547BA12DB7645100A99544 /* ContentView.swift in Sources */ = {isa = PBXBuildFile; fileRef = 81547BA02DB7645100A99544 /* ContentView.swift */; };
		81547BA32DB7645500A99544 /* Assets.xcassets in Resources */ = {isa = PBXBuildFile; fileRef = 81547BA22DB7645500A99544 /* Assets.xcassets */; };
		81547BA62DB7645500A99544 /* Preview Assets.xcassets in Resources */ = {isa = PBXBuildFile; fileRef = 81547BA52DB7645500A99544 /* Preview Assets.xcassets */; };
		81547BB02DB7645500A99544 /* SwiftUiLearningTests.swift in Sources */ = {isa = PBXBuildFile; fileRef = 81547BAF2DB7645500A99544 /* SwiftUiLearningTests.swift */; };
		81547BBA2DB7645500A99544 /* SwiftUiLearningUITests.swift in Sources */ = {isa = PBXBuildFile; fileRef = 81547BB92DB7645500A99544 /* SwiftUiLearningUITests.swift */; };
		81547BBC2DB7645500A99544 /* SwiftUiLearningUITestsLaunchTests.swift in Sources */ = {isa = PBXBuildFile; fileRef = 81547BBB2DB7645500A99544 /* SwiftUiLearningUITestsLaunchTests.swift */; };
		81547BC92DB7652F00A99544 /* TextViewLearning.swift in Sources */ = {isa = PBXBuildFile; fileRef = 81547BC82DB7652F00A99544 /* TextViewLearning.swift */; };
		81547BCB2DB76DBC00A99544 /* ShapesLearning.swift in Sources */ = {isa = PBXBuildFile; fileRef = 81547BCA2DB76DBC00A99544 /* ShapesLearning.swift */; };
		81547BCD2DB77A6800A99544 /* ColorsLearing.swift in Sources */ = {isa = PBXBuildFile; fileRef = 81547BCC2DB77A6800A99544 /* ColorsLearing.swift */; };
		81547BCF2DB77D0600A99544 /* GradientLearning.swift in Sources */ = {isa = PBXBuildFile; fileRef = 81547BCE2DB77D0600A99544 /* GradientLearning.swift */; };
		81547BD12DB7817900A99544 /* Images.swift in Sources */ = {isa = PBXBuildFile; fileRef = 81547BD02DB7817900A99544 /* Images.swift */; };
		81547BD32DB7860400A99544 /* Background&Overlays.swift in Sources */ = {isa = PBXBuildFile; fileRef = 81547BD22DB7860400A99544 /* Background&Overlays.swift */; };
		81547BD52DB7AA3C00A99544 /* StacksLearing.swift in Sources */ = {isa = PBXBuildFile; fileRef = 81547BD42DB7AA3C00A99544 /* StacksLearing.swift */; };
		81547BD72DB7AD8800A99544 /* PaddingLearning.swift in Sources */ = {isa = PBXBuildFile; fileRef = 81547BD62DB7AD8800A99544 /* PaddingLearning.swift */; };
		81547BD92DB7B25000A99544 /* ForEachLoop.swift in Sources */ = {isa = PBXBuildFile; fileRef = 81547BD82DB7B25000A99544 /* ForEachLoop.swift */; };
/* End PBXBuildFile section */

/* Begin PBXContainerItemProxy section */
		81547BAC2DB7645500A99544 /* PBXContainerItemProxy */ = {
			isa = PBXContainerItemProxy;
			containerPortal = 81547B932DB7645100A99544 /* Project object */;
			proxyType = 1;
			remoteGlobalIDString = 81547B9A2DB7645100A99544;
			remoteInfo = SwiftUiLearning;
		};
		81547BB62DB7645500A99544 /* PBXContainerItemProxy */ = {
			isa = PBXContainerItemProxy;
			containerPortal = 81547B932DB7645100A99544 /* Project object */;
			proxyType = 1;
			remoteGlobalIDString = 81547B9A2DB7645100A99544;
			remoteInfo = SwiftUiLearning;
		};
/* End PBXContainerItemProxy section */

/* Begin PBXFileReference section */
		81547B9B2DB7645100A99544 /* SwiftUiLearning.app */ = {isa = PBXFileReference; explicitFileType = wrapper.application; includeInIndex = 0; path = SwiftUiLearning.app; sourceTree = BUILT_PRODUCTS_DIR; };
		81547B9E2DB7645100A99544 /* SwiftUiLearningApp.swift */ = {isa = PBXFileReference; lastKnownFileType = sourcecode.swift; path = SwiftUiLearningApp.swift; sourceTree = "<group>"; };
		81547BA02DB7645100A99544 /* ContentView.swift */ = {isa = PBXFileReference; lastKnownFileType = sourcecode.swift; path = ContentView.swift; sourceTree = "<group>"; };
		81547BA22DB7645500A99544 /* Assets.xcassets */ = {isa = PBXFileReference; lastKnownFileType = folder.assetcatalog; path = Assets.xcassets; sourceTree = "<group>"; };
		81547BA52DB7645500A99544 /* Preview Assets.xcassets */ = {isa = PBXFileReference; lastKnownFileType = folder.assetcatalog; path = "Preview Assets.xcassets"; sourceTree = "<group>"; };
		81547BAB2DB7645500A99544 /* SwiftUiLearningTests.xctest */ = {isa = PBXFileReference; explicitFileType = wrapper.cfbundle; includeInIndex = 0; path = SwiftUiLearningTests.xctest; sourceTree = BUILT_PRODUCTS_DIR; };
		81547BAF2DB7645500A99544 /* SwiftUiLearningTests.swift */ = {isa = PBXFileReference; lastKnownFileType = sourcecode.swift; path = SwiftUiLearningTests.swift; sourceTree = "<group>"; };
		81547BB52DB7645500A99544 /* SwiftUiLearningUITests.xctest */ = {isa = PBXFileReference; explicitFileType = wrapper.cfbundle; includeInIndex = 0; path = SwiftUiLearningUITests.xctest; sourceTree = BUILT_PRODUCTS_DIR; };
		81547BB92DB7645500A99544 /* SwiftUiLearningUITests.swift */ = {isa = PBXFileReference; lastKnownFileType = sourcecode.swift; path = SwiftUiLearningUITests.swift; sourceTree = "<group>"; };
		81547BBB2DB7645500A99544 /* SwiftUiLearningUITestsLaunchTests.swift */ = {isa = PBXFileReference; lastKnownFileType = sourcecode.swift; path = SwiftUiLearningUITestsLaunchTests.swift; sourceTree = "<group>"; };
		81547BC82DB7652F00A99544 /* TextViewLearning.swift */ = {isa = PBXFileReference; lastKnownFileType = sourcecode.swift; path = TextViewLearning.swift; sourceTree = "<group>"; };
		81547BCA2DB76DBC00A99544 /* ShapesLearning.swift */ = {isa = PBXFileReference; lastKnownFileType = sourcecode.swift; path = ShapesLearning.swift; sourceTree = "<group>"; };
		81547BCC2DB77A6800A99544 /* ColorsLearing.swift */ = {isa = PBXFileReference; lastKnownFileType = sourcecode.swift; path = ColorsLearing.swift; sourceTree = "<group>"; };
		81547BCE2DB77D0600A99544 /* GradientLearning.swift */ = {isa = PBXFileReference; lastKnownFileType = sourcecode.swift; path = GradientLearning.swift; sourceTree = "<group>"; };
		81547BD02DB7817900A99544 /* Images.swift */ = {isa = PBXFileReference; lastKnownFileType = sourcecode.swift; path = Images.swift; sourceTree = "<group>"; };
		81547BD22DB7860400A99544 /* Background&Overlays.swift */ = {isa = PBXFileReference; lastKnownFileType = sourcecode.swift; path = "Background&Overlays.swift"; sourceTree = "<group>"; };
		81547BD42DB7AA3C00A99544 /* StacksLearing.swift */ = {isa = PBXFileReference; lastKnownFileType = sourcecode.swift; path = StacksLearing.swift; sourceTree = "<group>"; };
		81547BD62DB7AD8800A99544 /* PaddingLearning.swift */ = {isa = PBXFileReference; lastKnownFileType = sourcecode.swift; path = PaddingLearning.swift; sourceTree = "<group>"; };
		81547BD82DB7B25000A99544 /* ForEachLoop.swift */ = {isa = PBXFileReference; lastKnownFileType = sourcecode.swift; path = ForEachLoop.swift; sourceTree = "<group>"; };
/* End PBXFileReference section */

/* Begin PBXFrameworksBuildPhase section */
		81547B982DB7645100A99544 /* Frameworks */ = {
			isa = PBXFrameworksBuildPhase;
			buildActionMask = 2147483647;
			files = (
			);
			runOnlyForDeploymentPostprocessing = 0;
		};
		81547BA82DB7645500A99544 /* Frameworks */ = {
			isa = PBXFrameworksBuildPhase;
			buildActionMask = 2147483647;
			files = (
			);
			runOnlyForDeploymentPostprocessing = 0;
		};
		81547BB22DB7645500A99544 /* Frameworks */ = {
			isa = PBXFrameworksBuildPhase;
			buildActionMask = 2147483647;
			files = (
			);
			runOnlyForDeploymentPostprocessing = 0;
		};
/* End PBXFrameworksBuildPhase section */

/* Begin PBXGroup section */
		81547B922DB7645100A99544 = {
			isa = PBXGroup;
			children = (
				81547B9D2DB7645100A99544 /* SwiftUiLearning */,
				81547BB82DB7645500A99544 /* SwiftUiLearningUITests */,
				81547B9C2DB7645100A99544 /* Products */,
			);
			sourceTree = "<group>";
		};
		81547B9C2DB7645100A99544 /* Products */ = {
			isa = PBXGroup;
			children = (
				81547B9B2DB7645100A99544 /* SwiftUiLearning.app */,
				81547BAB2DB7645500A99544 /* SwiftUiLearningTests.xctest */,
				81547BB52DB7645500A99544 /* SwiftUiLearningUITests.xctest */,
			);
			name = Products;
			sourceTree = "<group>";
		};
		81547B9D2DB7645100A99544 /* SwiftUiLearning */ = {
			isa = PBXGroup;
			children = (
				81547BD22DB7860400A99544 /* Background&Overlays.swift */,
				81547BCC2DB77A6800A99544 /* ColorsLearing.swift */,
				81547BA02DB7645100A99544 /* ContentView.swift */,
				81547BD82DB7B25000A99544 /* ForEachLoop.swift */,
				81547BCE2DB77D0600A99544 /* GradientLearning.swift */,
				81547BD02DB7817900A99544 /* Images.swift */,
				81547BD62DB7AD8800A99544 /* PaddingLearning.swift */,
				81547BCA2DB76DBC00A99544 /* ShapesLearning.swift */,
				81547BD42DB7AA3C00A99544 /* StacksLearing.swift */,
				81547B9E2DB7645100A99544 /* SwiftUiLearningApp.swift */,
				81547BC82DB7652F00A99544 /* TextViewLearning.swift */,
				81547BA22DB7645500A99544 /* Assets.xcassets */,
				81547BA42DB7645500A99544 /* Preview Content */,
			);
			path = SwiftUiLearning;
			sourceTree = "<group>";
		};
		81547BA42DB7645500A99544 /* Preview Content */ = {
			isa = PBXGroup;
			children = (
				81547BAE2DB7645500A99544 /* SwiftUiLearningTests */,
				81547BA52DB7645500A99544 /* Preview Assets.xcassets */,
			);
			path = "Preview Content";
			sourceTree = "<group>";
		};
		81547BAE2DB7645500A99544 /* SwiftUiLearningTests */ = {
			isa = PBXGroup;
			children = (
				81547BAF2DB7645500A99544 /* SwiftUiLearningTests.swift */,
			);
			path = SwiftUiLearningTests;
			sourceTree = "<group>";
		};
		81547BB82DB7645500A99544 /* SwiftUiLearningUITests */ = {
			isa = PBXGroup;
			children = (
				81547BB92DB7645500A99544 /* SwiftUiLearningUITests.swift */,
				81547BBB2DB7645500A99544 /* SwiftUiLearningUITestsLaunchTests.swift */,
			);
			path = SwiftUiLearningUITests;
			sourceTree = "<group>";
		};
/* End PBXGroup section */

/* Begin PBXNativeTarget section */
		81547B9A2DB7645100A99544 /* SwiftUiLearning */ = {
			isa = PBXNativeTarget;
			buildConfigurationList = 81547BBF2DB7645500A99544 /* Build configuration list for PBXNativeTarget "SwiftUiLearning" */;
			buildPhases = (
				81547B972DB7645100A99544 /* Sources */,
				81547B982DB7645100A99544 /* Frameworks */,
				81547B992DB7645100A99544 /* Resources */,
			);
			buildRules = (
			);
			dependencies = (
			);
			name = SwiftUiLearning;
			productName = SwiftUiLearning;
			productReference = 81547B9B2DB7645100A99544 /* SwiftUiLearning.app */;
			productType = "com.apple.product-type.application";
		};
		81547BAA2DB7645500A99544 /* SwiftUiLearningTests */ = {
			isa = PBXNativeTarget;
			buildConfigurationList = 81547BC22DB7645500A99544 /* Build configuration list for PBXNativeTarget "SwiftUiLearningTests" */;
			buildPhases = (
				81547BA72DB7645500A99544 /* Sources */,
				81547BA82DB7645500A99544 /* Frameworks */,
				81547BA92DB7645500A99544 /* Resources */,
			);
			buildRules = (
			);
			dependencies = (
				81547BAD2DB7645500A99544 /* PBXTargetDependency */,
			);
			name = SwiftUiLearningTests;
			productName = SwiftUiLearningTests;
			productReference = 81547BAB2DB7645500A99544 /* SwiftUiLearningTests.xctest */;
			productType = "com.apple.product-type.bundle.unit-test";
		};
		81547BB42DB7645500A99544 /* SwiftUiLearningUITests */ = {
			isa = PBXNativeTarget;
			buildConfigurationList = 81547BC52DB7645500A99544 /* Build configuration list for PBXNativeTarget "SwiftUiLearningUITests" */;
			buildPhases = (
				81547BB12DB7645500A99544 /* Sources */,
				81547BB22DB7645500A99544 /* Frameworks */,
				81547BB32DB7645500A99544 /* Resources */,
			);
			buildRules = (
			);
			dependencies = (
				81547BB72DB7645500A99544 /* PBXTargetDependency */,
			);
			name = SwiftUiLearningUITests;
			productName = SwiftUiLearningUITests;
			productReference = 81547BB52DB7645500A99544 /* SwiftUiLearningUITests.xctest */;
			productType = "com.apple.product-type.bundle.ui-testing";
		};
/* End PBXNativeTarget section */

/* Begin PBXProject section */
		81547B932DB7645100A99544 /* Project object */ = {
			isa = PBXProject;
			attributes = {
				BuildIndependentTargetsInParallel = 1;
				LastSwiftUpdateCheck = 1530;
				LastUpgradeCheck = 1530;
				TargetAttributes = {
					81547B9A2DB7645100A99544 = {
						CreatedOnToolsVersion = 15.3;
					};
					81547BAA2DB7645500A99544 = {
						CreatedOnToolsVersion = 15.3;
						TestTargetID = 81547B9A2DB7645100A99544;
					};
					81547BB42DB7645500A99544 = {
						CreatedOnToolsVersion = 15.3;
						TestTargetID = 81547B9A2DB7645100A99544;
					};
				};
			};
			buildConfigurationList = 81547B962DB7645100A99544 /* Build configuration list for PBXProject "SwiftUiLearning" */;
			compatibilityVersion = "Xcode 14.0";
			developmentRegion = en;
			hasScannedForEncodings = 0;
			knownRegions = (
				en,
				Base,
			);
			mainGroup = 81547B922DB7645100A99544;
			productRefGroup = 81547B9C2DB7645100A99544 /* Products */;
			projectDirPath = "";
			projectRoot = "";
			targets = (
				81547B9A2DB7645100A99544 /* SwiftUiLearning */,
				81547BAA2DB7645500A99544 /* SwiftUiLearningTests */,
				81547BB42DB7645500A99544 /* SwiftUiLearningUITests */,
			);
		};
/* End PBXProject section */

/* Begin PBXResourcesBuildPhase section */
		81547B992DB7645100A99544 /* Resources */ = {
			isa = PBXResourcesBuildPhase;
			buildActionMask = 2147483647;
			files = (
				81547BA62DB7645500A99544 /* Preview Assets.xcassets in Resources */,
				81547BA32DB7645500A99544 /* Assets.xcassets in Resources */,
			);
			runOnlyForDeploymentPostprocessing = 0;
		};
		81547BA92DB7645500A99544 /* Resources */ = {
			isa = PBXResourcesBuildPhase;
			buildActionMask = 2147483647;
			files = (
			);
			runOnlyForDeploymentPostprocessing = 0;
		};
		81547BB32DB7645500A99544 /* Resources */ = {
			isa = PBXResourcesBuildPhase;
			buildActionMask = 2147483647;
			files = (
			);
			runOnlyForDeploymentPostprocessing = 0;
		};
/* End PBXResourcesBuildPhase section */

/* Begin PBXSourcesBuildPhase section */
		81547B972DB7645100A99544 /* Sources */ = {
			isa = PBXSourcesBuildPhase;
			buildActionMask = 2147483647;
			files = (
				81547BD12DB7817900A99544 /* Images.swift in Sources */,
				81547BD72DB7AD8800A99544 /* PaddingLearning.swift in Sources */,
				81547BA12DB7645100A99544 /* ContentView.swift in Sources */,
				81547BD92DB7B25000A99544 /* ForEachLoop.swift in Sources */,
				81547B9F2DB7645100A99544 /* SwiftUiLearningApp.swift in Sources */,
				81547BC92DB7652F00A99544 /* TextViewLearning.swift in Sources */,
				81547BCF2DB77D0600A99544 /* GradientLearning.swift in Sources */,
				81547BCD2DB77A6800A99544 /* ColorsLearing.swift in Sources */,
				81547BCB2DB76DBC00A99544 /* ShapesLearning.swift in Sources */,
				81547BD32DB7860400A99544 /* Background&Overlays.swift in Sources */,
				81547BD52DB7AA3C00A99544 /* StacksLearing.swift in Sources */,
			);
			runOnlyForDeploymentPostprocessing = 0;
		};
		81547BA72DB7645500A99544 /* Sources */ = {
			isa = PBXSourcesBuildPhase;
			buildActionMask = 2147483647;
			files = (
				81547BB02DB7645500A99544 /* SwiftUiLearningTests.swift in Sources */,
			);
			runOnlyForDeploymentPostprocessing = 0;
		};
		81547BB12DB7645500A99544 /* Sources */ = {
			isa = PBXSourcesBuildPhase;
			buildActionMask = 2147483647;
			files = (
				81547BBC2DB7645500A99544 /* SwiftUiLearningUITestsLaunchTests.swift in Sources */,
				81547BBA2DB7645500A99544 /* SwiftUiLearningUITests.swift in Sources */,
			);
			runOnlyForDeploymentPostprocessing = 0;
		};
/* End PBXSourcesBuildPhase section */

/* Begin PBXTargetDependency section */
		81547BAD2DB7645500A99544 /* PBXTargetDependency */ = {
			isa = PBXTargetDependency;
			target = 81547B9A2DB7645100A99544 /* SwiftUiLearning */;
			targetProxy = 81547BAC2DB7645500A99544 /* PBXContainerItemProxy */;
		};
		81547BB72DB7645500A99544 /* PBXTargetDependency */ = {
			isa = PBXTargetDependency;
			target = 81547B9A2DB7645100A99544 /* SwiftUiLearning */;
			targetProxy = 81547BB62DB7645500A99544 /* PBXContainerItemProxy */;
		};
/* End PBXTargetDependency section */

/* Begin XCBuildConfiguration section */
		81547BBD2DB7645500A99544 /* Debug */ = {
			isa = XCBuildConfiguration;
			buildSettings = {
				ALWAYS_SEARCH_USER_PATHS = NO;
				ASSETCATALOG_COMPILER_GENERATE_SWIFT_ASSET_SYMBOL_EXTENSIONS = YES;
				CLANG_ANALYZER_NONNULL = YES;
				CLANG_ANALYZER_NUMBER_OBJECT_CONVERSION = YES_AGGRESSIVE;
				CLANG_CXX_LANGUAGE_STANDARD = "gnu++20";
				CLANG_ENABLE_MODULES = YES;
				CLANG_ENABLE_OBJC_ARC = YES;
				CLANG_ENABLE_OBJC_WEAK = YES;
				CLANG_WARN_BLOCK_CAPTURE_AUTORELEASING = YES;
				CLANG_WARN_BOOL_CONVERSION = YES;
				CLANG_WARN_COMMA = YES;
				CLANG_WARN_CONSTANT_CONVERSION = YES;
				CLANG_WARN_DEPRECATED_OBJC_IMPLEMENTATIONS = YES;
				CLANG_WARN_DIRECT_OBJC_ISA_USAGE = YES_ERROR;
				CLANG_WARN_DOCUMENTATION_COMMENTS = YES;
				CLANG_WARN_EMPTY_BODY = YES;
				CLANG_WARN_ENUM_CONVERSION = YES;
				CLANG_WARN_INFINITE_RECURSION = YES;
				CLANG_WARN_INT_CONVERSION = YES;
				CLANG_WARN_NON_LITERAL_NULL_CONVERSION = YES;
				CLANG_WARN_OBJC_IMPLICIT_RETAIN_SELF = YES;
				CLANG_WARN_OBJC_LITERAL_CONVERSION = YES;
				CLANG_WARN_OBJC_ROOT_CLASS = YES_ERROR;
				CLANG_WARN_QUOTED_INCLUDE_IN_FRAMEWORK_HEADER = YES;
				CLANG_WARN_RANGE_LOOP_ANALYSIS = YES;
				CLANG_WARN_STRICT_PROTOTYPES = YES;
				CLANG_WARN_SUSPICIOUS_MOVE = YES;
				CLANG_WARN_UNGUARDED_AVAILABILITY = YES_AGGRESSIVE;
				CLANG_WARN_UNREACHABLE_CODE = YES;
				CLANG_WARN__DUPLICATE_METHOD_MATCH = YES;
				COPY_PHASE_STRIP = NO;
				DEBUG_INFORMATION_FORMAT = dwarf;
				ENABLE_STRICT_OBJC_MSGSEND = YES;
				ENABLE_TESTABILITY = YES;
				ENABLE_USER_SCRIPT_SANDBOXING = YES;
				GCC_C_LANGUAGE_STANDARD = gnu17;
				GCC_DYNAMIC_NO_PIC = NO;
				GCC_NO_COMMON_BLOCKS = YES;
				GCC_OPTIMIZATION_LEVEL = 0;
				GCC_PREPROCESSOR_DEFINITIONS = (
					"DEBUG=1",
					"$(inherited)",
				);
				GCC_WARN_64_TO_32_BIT_CONVERSION = YES;
				GCC_WARN_ABOUT_RETURN_TYPE = YES_ERROR;
				GCC_WARN_UNDECLARED_SELECTOR = YES;
				GCC_WARN_UNINITIALIZED_AUTOS = YES_AGGRESSIVE;
				GCC_WARN_UNUSED_FUNCTION = YES;
				GCC_WARN_UNUSED_VARIABLE = YES;
				IPHONEOS_DEPLOYMENT_TARGET = 17.4;
				LOCALIZATION_PREFERS_STRING_CATALOGS = YES;
				MTL_ENABLE_DEBUG_INFO = INCLUDE_SOURCE;
				MTL_FAST_MATH = YES;
				ONLY_ACTIVE_ARCH = YES;
				SDKROOT = iphoneos;
				SWIFT_ACTIVE_COMPILATION_CONDITIONS = "DEBUG $(inherited)";
				SWIFT_OPTIMIZATION_LEVEL = "-Onone";
			};
			name = Debug;
		};
		81547BBE2DB7645500A99544 /* Release */ = {
			isa = XCBuildConfiguration;
			buildSettings = {
				ALWAYS_SEARCH_USER_PATHS = NO;
				ASSETCATALOG_COMPILER_GENERATE_SWIFT_ASSET_SYMBOL_EXTENSIONS = YES;
				CLANG_ANALYZER_NONNULL = YES;
				CLANG_ANALYZER_NUMBER_OBJECT_CONVERSION = YES_AGGRESSIVE;
				CLANG_CXX_LANGUAGE_STANDARD = "gnu++20";
				CLANG_ENABLE_MODULES = YES;
				CLANG_ENABLE_OBJC_ARC = YES;
				CLANG_ENABLE_OBJC_WEAK = YES;
				CLANG_WARN_BLOCK_CAPTURE_AUTORELEASING = YES;
				CLANG_WARN_BOOL_CONVERSION = YES;
				CLANG_WARN_COMMA = YES;
				CLANG_WARN_CONSTANT_CONVERSION = YES;
				CLANG_WARN_DEPRECATED_OBJC_IMPLEMENTATIONS = YES;
				CLANG_WARN_DIRECT_OBJC_ISA_USAGE = YES_ERROR;
				CLANG_WARN_DOCUMENTATION_COMMENTS = YES;
				CLANG_WARN_EMPTY_BODY = YES;
				CLANG_WARN_ENUM_CONVERSION = YES;
				CLANG_WARN_INFINITE_RECURSION = YES;
				CLANG_WARN_INT_CONVERSION = YES;
				CLANG_WARN_NON_LITERAL_NULL_CONVERSION = YES;
				CLANG_WARN_OBJC_IMPLICIT_RETAIN_SELF = YES;
				CLANG_WARN_OBJC_LITERAL_CONVERSION = YES;
				CLANG_WARN_OBJC_ROOT_CLASS = YES_ERROR;
				CLANG_WARN_QUOTED_INCLUDE_IN_FRAMEWORK_HEADER = YES;
				CLANG_WARN_RANGE_LOOP_ANALYSIS = YES;
				CLANG_WARN_STRICT_PROTOTYPES = YES;
				CLANG_WARN_SUSPICIOUS_MOVE = YES;
				CLANG_WARN_UNGUARDED_AVAILABILITY = YES_AGGRESSIVE;
				CLANG_WARN_UNREACHABLE_CODE = YES;
				CLANG_WARN__DUPLICATE_METHOD_MATCH = YES;
				COPY_PHASE_STRIP = NO;
				DEBUG_INFORMATION_FORMAT = "dwarf-with-dsym";
				ENABLE_NS_ASSERTIONS = NO;
				ENABLE_STRICT_OBJC_MSGSEND = YES;
				ENABLE_USER_SCRIPT_SANDBOXING = YES;
				GCC_C_LANGUAGE_STANDARD = gnu17;
				GCC_NO_COMMON_BLOCKS = YES;
				GCC_WARN_64_TO_32_BIT_CONVERSION = YES;
				GCC_WARN_ABOUT_RETURN_TYPE = YES_ERROR;
				GCC_WARN_UNDECLARED_SELECTOR = YES;
				GCC_WARN_UNINITIALIZED_AUTOS = YES_AGGRESSIVE;
				GCC_WARN_UNUSED_FUNCTION = YES;
				GCC_WARN_UNUSED_VARIABLE = YES;
				IPHONEOS_DEPLOYMENT_TARGET = 17.4;
				LOCALIZATION_PREFERS_STRING_CATALOGS = YES;
				MTL_ENABLE_DEBUG_INFO = NO;
				MTL_FAST_MATH = YES;
				SDKROOT = iphoneos;
				SWIFT_COMPILATION_MODE = wholemodule;
				VALIDATE_PRODUCT = YES;
			};
			name = Release;
		};
		81547BC02DB7645500A99544 /* Debug */ = {
			isa = XCBuildConfiguration;
			buildSettings = {
				ASSETCATALOG_COMPILER_APPICON_NAME = AppIcon;
				ASSETCATALOG_COMPILER_GLOBAL_ACCENT_COLOR_NAME = AccentColor;
				CODE_SIGN_STYLE = Automatic;
				CURRENT_PROJECT_VERSION = 1;
				DEVELOPMENT_ASSET_PATHS = "\"SwiftUiLearning/Preview Content\"";
				ENABLE_PREVIEWS = YES;
				GENERATE_INFOPLIST_FILE = YES;
				INFOPLIST_KEY_UIApplicationSceneManifest_Generation = YES;
				INFOPLIST_KEY_UIApplicationSupportsIndirectInputEvents = YES;
				INFOPLIST_KEY_UILaunchScreen_Generation = YES;
				INFOPLIST_KEY_UISupportedInterfaceOrientations_iPad = "UIInterfaceOrientationPortrait UIInterfaceOrientationPortraitUpsideDown UIInterfaceOrientationLandscapeLeft UIInterfaceOrientationLandscapeRight";
				INFOPLIST_KEY_UISupportedInterfaceOrientations_iPhone = "UIInterfaceOrientationPortrait UIInterfaceOrientationLandscapeLeft UIInterfaceOrientationLandscapeRight";
				LD_RUNPATH_SEARCH_PATHS = (
					"$(inherited)",
					"@executable_path/Frameworks",
				);
				MARKETING_VERSION = 1.0;
				PRODUCT_BUNDLE_IDENTIFIER = net.sportzinteractive.SwiftUiLearning;
				PRODUCT_NAME = "$(TARGET_NAME)";
				SWIFT_EMIT_LOC_STRINGS = YES;
				SWIFT_VERSION = 5.0;
				TARGETED_DEVICE_FAMILY = "1,2";
			};
			name = Debug;
		};
		81547BC12DB7645500A99544 /* Release */ = {
			isa = XCBuildConfiguration;
			buildSettings = {
				ASSETCATALOG_COMPILER_APPICON_NAME = AppIcon;
				ASSETCATALOG_COMPILER_GLOBAL_ACCENT_COLOR_NAME = AccentColor;
				CODE_SIGN_STYLE = Automatic;
				CURRENT_PROJECT_VERSION = 1;
				DEVELOPMENT_ASSET_PATHS = "\"SwiftUiLearning/Preview Content\"";
				ENABLE_PREVIEWS = YES;
				GENERATE_INFOPLIST_FILE = YES;
				INFOPLIST_KEY_UIApplicationSceneManifest_Generation = YES;
				INFOPLIST_KEY_UIApplicationSupportsIndirectInputEvents = YES;
				INFOPLIST_KEY_UILaunchScreen_Generation = YES;
				INFOPLIST_KEY_UISupportedInterfaceOrientations_iPad = "UIInterfaceOrientationPortrait UIInterfaceOrientationPortraitUpsideDown UIInterfaceOrientationLandscapeLeft UIInterfaceOrientationLandscapeRight";
				INFOPLIST_KEY_UISupportedInterfaceOrientations_iPhone = "UIInterfaceOrientationPortrait UIInterfaceOrientationLandscapeLeft UIInterfaceOrientationLandscapeRight";
				LD_RUNPATH_SEARCH_PATHS = (
					"$(inherited)",
					"@executable_path/Frameworks",
				);
				MARKETING_VERSION = 1.0;
				PRODUCT_BUNDLE_IDENTIFIER = net.sportzinteractive.SwiftUiLearning;
				PRODUCT_NAME = "$(TARGET_NAME)";
				SWIFT_EMIT_LOC_STRINGS = YES;
				SWIFT_VERSION = 5.0;
				TARGETED_DEVICE_FAMILY = "1,2";
			};
			name = Release;
		};
		81547BC32DB7645500A99544 /* Debug */ = {
			isa = XCBuildConfiguration;
			buildSettings = {
				ALWAYS_EMBED_SWIFT_STANDARD_LIBRARIES = YES;
				BUNDLE_LOADER = "$(TEST_HOST)";
				CODE_SIGN_STYLE = Automatic;
				CURRENT_PROJECT_VERSION = 1;
				GENERATE_INFOPLIST_FILE = YES;
				IPHONEOS_DEPLOYMENT_TARGET = 17.4;
				MARKETING_VERSION = 1.0;
				PRODUCT_BUNDLE_IDENTIFIER = net.sportzinteractive.SwiftUiLearningTests;
				PRODUCT_NAME = "$(TARGET_NAME)";
				SWIFT_EMIT_LOC_STRINGS = NO;
				SWIFT_VERSION = 5.0;
				TARGETED_DEVICE_FAMILY = "1,2";
				TEST_HOST = "$(BUILT_PRODUCTS_DIR)/SwiftUiLearning.app/$(BUNDLE_EXECUTABLE_FOLDER_PATH)/SwiftUiLearning";
			};
			name = Debug;
		};
		81547BC42DB7645500A99544 /* Release */ = {
			isa = XCBuildConfiguration;
			buildSettings = {
				ALWAYS_EMBED_SWIFT_STANDARD_LIBRARIES = YES;
				BUNDLE_LOADER = "$(TEST_HOST)";
				CODE_SIGN_STYLE = Automatic;
				CURRENT_PROJECT_VERSION = 1;
				GENERATE_INFOPLIST_FILE = YES;
				IPHONEOS_DEPLOYMENT_TARGET = 17.4;
				MARKETING_VERSION = 1.0;
				PRODUCT_BUNDLE_IDENTIFIER = net.sportzinteractive.SwiftUiLearningTests;
				PRODUCT_NAME = "$(TARGET_NAME)";
				SWIFT_EMIT_LOC_STRINGS = NO;
				SWIFT_VERSION = 5.0;
				TARGETED_DEVICE_FAMILY = "1,2";
				TEST_HOST = "$(BUILT_PRODUCTS_DIR)/SwiftUiLearning.app/$(BUNDLE_EXECUTABLE_FOLDER_PATH)/SwiftUiLearning";
			};
			name = Release;
		};
		81547BC62DB7645500A99544 /* Debug */ = {
			isa = XCBuildConfiguration;
			buildSettings = {
				ALWAYS_EMBED_SWIFT_STANDARD_LIBRARIES = YES;
				CODE_SIGN_STYLE = Automatic;
				CURRENT_PROJECT_VERSION = 1;
				GENERATE_INFOPLIST_FILE = YES;
				MARKETING_VERSION = 1.0;
				PRODUCT_BUNDLE_IDENTIFIER = net.sportzinteractive.SwiftUiLearningUITests;
				PRODUCT_NAME = "$(TARGET_NAME)";
				SWIFT_EMIT_LOC_STRINGS = NO;
				SWIFT_VERSION = 5.0;
				TARGETED_DEVICE_FAMILY = "1,2";
				TEST_TARGET_NAME = SwiftUiLearning;
			};
			name = Debug;
		};
		81547BC72DB7645500A99544 /* Release */ = {
			isa = XCBuildConfiguration;
			buildSettings = {
				ALWAYS_EMBED_SWIFT_STANDARD_LIBRARIES = YES;
				CODE_SIGN_STYLE = Automatic;
				CURRENT_PROJECT_VERSION = 1;
				GENERATE_INFOPLIST_FILE = YES;
				MARKETING_VERSION = 1.0;
				PRODUCT_BUNDLE_IDENTIFIER = net.sportzinteractive.SwiftUiLearningUITests;
				PRODUCT_NAME = "$(TARGET_NAME)";
				SWIFT_EMIT_LOC_STRINGS = NO;
				SWIFT_VERSION = 5.0;
				TARGETED_DEVICE_FAMILY = "1,2";
				TEST_TARGET_NAME = SwiftUiLearning;
			};
			name = Release;
		};
/* End XCBuildConfiguration section */

/* Begin XCConfigurationList section */
		81547B962DB7645100A99544 /* Build configuration list for PBXProject "SwiftUiLearning" */ = {
			isa = XCConfigurationList;
			buildConfigurations = (
				81547BBD2DB7645500A99544 /* Debug */,
				81547BBE2DB7645500A99544 /* Release */,
			);
			defaultConfigurationIsVisible = 0;
			defaultConfigurationName = Release;
		};
		81547BBF2DB7645500A99544 /* Build configuration list for PBXNativeTarget "SwiftUiLearning" */ = {
			isa = XCConfigurationList;
			buildConfigurations = (
				81547BC02DB7645500A99544 /* Debug */,
				81547BC12DB7645500A99544 /* Release */,
			);
			defaultConfigurationIsVisible = 0;
			defaultConfigurationName = Release;
		};
		81547BC22DB7645500A99544 /* Build configuration list for PBXNativeTarget "SwiftUiLearningTests" */ = {
			isa = XCConfigurationList;
			buildConfigurations = (
				81547BC32DB7645500A99544 /* Debug */,
				81547BC42DB7645500A99544 /* Release */,
			);
			defaultConfigurationIsVisible = 0;
			defaultConfigurationName = Release;
		};
		81547BC52DB7645500A99544 /* Build configuration list for PBXNativeTarget "SwiftUiLearningUITests" */ = {
			isa = XCConfigurationList;
			buildConfigurations = (
				81547BC62DB7645500A99544 /* Debug */,
				81547BC72DB7645500A99544 /* Release */,
			);
			defaultConfigurationIsVisible = 0;
			defaultConfigurationName = Release;
		};
/* End XCConfigurationList section */
	};
	rootObject = 81547B932DB7645100A99544 /* Project object */;
}
